
Microsoft Visual Studio Solution File, Format Version 12.00
# Visual Studio Version 16
VisualStudioVersion = 16.0.31205.134
MinimumVisualStudioVersion = 10.0.40219.1
Project("{FAE04EC0-301F-11D3-BF4B-00C04F79EFBC}") = "EmployeeDatabse", "EmployeeDatabse\EmployeeDatabse.csproj", "{7F66BA01-0CE4-4C53-A3AC-4A52F40B6050}"
EndProject
Global
	GlobalSection(SolutionConfigurationPlatforms) = preSolution
		Debug|Any CPU = Debug|Any CPU
		Release|Any CPU = Release|Any CPU
	EndGlobalSection
	GlobalSection(ProjectConfigurationPlatforms) = postSolution
		{7F66BA01-0CE4-4C53-A3AC-4A52F40B6050}.Debug|Any CPU.ActiveCfg = Debug|Any CPU
		{7F66BA01-0CE4-4C53-A3AC-4A52F40B6050}.Debug|Any CPU.Build.0 = Debug|Any CPU
		{7F66BA01-0CE4-4C53-A3AC-4A52F40B6050}.Release|Any CPU.ActiveCfg = Release|Any CPU
		{7F66BA01-0CE4-4C53-A3AC-4A52F40B6050}.Release|Any CPU.Build.0 = Release|Any CPU
	EndGlobalSection
	GlobalSection(SolutionProperties) = preSolution
		HideSolutionNode = FALSE
	EndGlobalSection
	GlobalSection(ExtensibilityGlobals) = postSolution
		SolutionGuid = {300B49A9-2F1F-4F93-BB07-E9BAACA866DC}
	EndGlobalSection
EndGlobal
